
Microsoft Visual Studio Solution File, Format Version 12.00
# Visual Studio Version 17
VisualStudioVersion = 17.0.31903.59
MinimumVisualStudioVersion = 10.0.40219.1
Project("{2150E333-8FDC-42A3-9474-1A3956D46DE8}") = "src", "src", "{827E0CD3-B72D-47B6-A68D-7590B98EB39B}"
EndProject
Project("{FAE04EC0-301F-11D3-BF4B-00C04F79EFBC}") = "TodoApp.Domain", "src\TodoApp.Domain\TodoApp.Domain.csproj", "{979D80E9-A9E8-4D86-AF46-CE62DB050BE7}"
EndProject
Project("{FAE04EC0-301F-11D3-BF4B-00C04F79EFBC}") = "TodoApp.Infrastructure", "src\TodoApp.Infrastructure\TodoApp.Infrastructure.csproj", "{A563AF82-7EE1-4025-BF00-DB37A3ED60D5}"
EndProject
Project("{FAE04EC0-301F-11D3-BF4B-00C04F79EFBC}") = "TodoApp.Api", "src\TodoApp.Api\TodoApp.Api.csproj", "{28D34C8C-3431-4D87-A585-DB3602407AE6}"
EndProject
Project("{FAE04EC0-301F-11D3-BF4B-00C04F79EFBC}") = "TodoApp.Application", "src\TodoApp.Application\TodoApp.Application.csproj", "{94F08D15-4C0D-48F1-978E-8F2B3C7E0E07}"
EndProject
Project("{2150E333-8FDC-42A3-9474-1A3956D46DE8}") = "tests", "tests", "{0AB3BF05-4346-4AA6-1389-037BE0695223}"
EndProject
Project("{FAE04EC0-301F-11D3-BF4B-00C04F79EFBC}") = "TodoApp.Tests", "tests\TodoApp.Tests\TodoApp.Tests.csproj", "{570C14A0-1056-498E-B040-22B981424271}"
EndProject
Global
	GlobalSection(SolutionConfigurationPlatforms) = preSolution
		Debug|Any CPU = Debug|Any CPU
		Debug|x64 = Debug|x64
		Debug|x86 = Debug|x86
		Release|Any CPU = Release|Any CPU
		Release|x64 = Release|x64
		Release|x86 = Release|x86
	EndGlobalSection
	GlobalSection(ProjectConfigurationPlatforms) = postSolution
		{979D80E9-A9E8-4D86-AF46-CE62DB050BE7}.Debug|Any CPU.ActiveCfg = Debug|Any CPU
		{979D80E9-A9E8-4D86-AF46-CE62DB050BE7}.Debug|Any CPU.Build.0 = Debug|Any CPU
		{979D80E9-A9E8-4D86-AF46-CE62DB050BE7}.Debug|x64.ActiveCfg = Debug|Any CPU
		{979D80E9-A9E8-4D86-AF46-CE62DB050BE7}.Debug|x64.Build.0 = Debug|Any CPU
		{979D80E9-A9E8-4D86-AF46-CE62DB050BE7}.Debug|x86.ActiveCfg = Debug|Any CPU
		{979D80E9-A9E8-4D86-AF46-CE62DB050BE7}.Debug|x86.Build.0 = Debug|Any CPU
		{979D80E9-A9E8-4D86-AF46-CE62DB050BE7}.Release|Any CPU.ActiveCfg = Release|Any CPU
		{979D80E9-A9E8-4D86-AF46-CE62DB050BE7}.Release|Any CPU.Build.0 = Release|Any CPU
		{979D80E9-A9E8-4D86-AF46-CE62DB050BE7}.Release|x64.ActiveCfg = Release|Any CPU
		{979D80E9-A9E8-4D86-AF46-CE62DB050BE7}.Release|x64.Build.0 = Release|Any CPU
		{979D80E9-A9E8-4D86-AF46-CE62DB050BE7}.Release|x86.ActiveCfg = Release|Any CPU
		{979D80E9-A9E8-4D86-AF46-CE62DB050BE7}.Release|x86.Build.0 = Release|Any CPU
		{A563AF82-7EE1-4025-BF00-DB37A3ED60D5}.Debug|Any CPU.ActiveCfg = Debug|Any CPU
		{A563AF82-7EE1-4025-BF00-DB37A3ED60D5}.Debug|Any CPU.Build.0 = Debug|Any CPU
		{A563AF82-7EE1-4025-BF00-DB37A3ED60D5}.Debug|x64.ActiveCfg = Debug|Any CPU
		{A563AF82-7EE1-4025-BF00-DB37A3ED60D5}.Debug|x64.Build.0 = Debug|Any CPU
		{A563AF82-7EE1-4025-BF00-DB37A3ED60D5}.Debug|x86.ActiveCfg = Debug|Any CPU
		{A563AF82-7EE1-4025-BF00-DB37A3ED60D5}.Debug|x86.Build.0 = Debug|Any CPU
		{A563AF82-7EE1-4025-BF00-DB37A3ED60D5}.Release|Any CPU.ActiveCfg = Release|Any CPU
		{A563AF82-7EE1-4025-BF00-DB37A3ED60D5}.Release|Any CPU.Build.0 = Release|Any CPU
		{A563AF82-7EE1-4025-BF00-DB37A3ED60D5}.Release|x64.ActiveCfg = Release|Any CPU
		{A563AF82-7EE1-4025-BF00-DB37A3ED60D5}.Release|x64.Build.0 = Release|Any CPU
		{A563AF82-7EE1-4025-BF00-DB37A3ED60D5}.Release|x86.ActiveCfg = Release|Any CPU
		{A563AF82-7EE1-4025-BF00-DB37A3ED60D5}.Release|x86.Build.0 = Release|Any CPU
		{28D34C8C-3431-4D87-A585-DB3602407AE6}.Debug|Any CPU.ActiveCfg = Debug|Any CPU
		{28D34C8C-3431-4D87-A585-DB3602407AE6}.Debug|Any CPU.Build.0 = Debug|Any CPU
		{28D34C8C-3431-4D87-A585-DB3602407AE6}.Debug|x64.ActiveCfg = Debug|Any CPU
		{28D34C8C-3431-4D87-A585-DB3602407AE6}.Debug|x64.Build.0 = Debug|Any CPU
		{28D34C8C-3431-4D87-A585-DB3602407AE6}.Debug|x86.ActiveCfg = Debug|Any CPU
		{28D34C8C-3431-4D87-A585-DB3602407AE6}.Debug|x86.Build.0 = Debug|Any CPU
		{28D34C8C-3431-4D87-A585-DB3602407AE6}.Release|Any CPU.ActiveCfg = Release|Any CPU
		{28D34C8C-3431-4D87-A585-DB3602407AE6}.Release|Any CPU.Build.0 = Release|Any CPU
		{28D34C8C-3431-4D87-A585-DB3602407AE6}.Release|x64.ActiveCfg = Release|Any CPU
		{28D34C8C-3431-4D87-A585-DB3602407AE6}.Release|x64.Build.0 = Release|Any CPU
		{28D34C8C-3431-4D87-A585-DB3602407AE6}.Release|x86.ActiveCfg = Release|Any CPU
		{28D34C8C-3431-4D87-A585-DB3602407AE6}.Release|x86.Build.0 = Release|Any CPU
		{94F08D15-4C0D-48F1-978E-8F2B3C7E0E07}.Debug|Any CPU.ActiveCfg = Debug|Any CPU
		{94F08D15-4C0D-48F1-978E-8F2B3C7E0E07}.Debug|Any CPU.Build.0 = Debug|Any CPU
		{94F08D15-4C0D-48F1-978E-8F2B3C7E0E07}.Debug|x64.ActiveCfg = Debug|Any CPU
		{94F08D15-4C0D-48F1-978E-8F2B3C7E0E07}.Debug|x64.Build.0 = Debug|Any CPU
		{94F08D15-4C0D-48F1-978E-8F2B3C7E0E07}.Debug|x86.ActiveCfg = Debug|Any CPU
		{94F08D15-4C0D-48F1-978E-8F2B3C7E0E07}.Debug|x86.Build.0 = Debug|Any CPU
		{94F08D15-4C0D-48F1-978E-8F2B3C7E0E07}.Release|Any CPU.ActiveCfg = Release|Any CPU
		{94F08D15-4C0D-48F1-978E-8F2B3C7E0E07}.Release|Any CPU.Build.0 = Release|Any CPU
		{94F08D15-4C0D-48F1-978E-8F2B3C7E0E07}.Release|x64.ActiveCfg = Release|Any CPU
		{94F08D15-4C0D-48F1-978E-8F2B3C7E0E07}.Release|x64.Build.0 = Release|Any CPU
		{94F08D15-4C0D-48F1-978E-8F2B3C7E0E07}.Release|x86.ActiveCfg = Release|Any CPU
		{94F08D15-4C0D-48F1-978E-8F2B3C7E0E07}.Release|x86.Build.0 = Release|Any CPU
		{570C14A0-1056-498E-B040-22B981424271}.Debug|Any CPU.ActiveCfg = Debug|Any CPU
		{570C14A0-1056-498E-B040-22B981424271}.Debug|Any CPU.Build.0 = Debug|Any CPU
		{570C14A0-1056-498E-B040-22B981424271}.Debug|x64.ActiveCfg = Debug|Any CPU
		{570C14A0-1056-498E-B040-22B981424271}.Debug|x64.Build.0 = Debug|Any CPU
		{570C14A0-1056-498E-B040-22B981424271}.Debug|x86.ActiveCfg = Debug|Any CPU
		{570C14A0-1056-498E-B040-22B981424271}.Debug|x86.Build.0 = Debug|Any CPU
		{570C14A0-1056-498E-B040-22B981424271}.Release|Any CPU.ActiveCfg = Release|Any CPU
		{570C14A0-1056-498E-B040-22B981424271}.Release|Any CPU.Build.0 = Release|Any CPU
		{570C14A0-1056-498E-B040-22B981424271}.Release|x64.ActiveCfg = Release|Any CPU
		{570C14A0-1056-498E-B040-22B981424271}.Release|x64.Build.0 = Release|Any CPU
		{570C14A0-1056-498E-B040-22B981424271}.Release|x86.ActiveCfg = Release|Any CPU
		{570C14A0-1056-498E-B040-22B981424271}.Release|x86.Build.0 = Release|Any CPU
	EndGlobalSection
	GlobalSection(SolutionProperties) = preSolution
		HideSolutionNode = FALSE
	EndGlobalSection
	GlobalSection(NestedProjects) = preSolution
		{979D80E9-A9E8-4D86-AF46-CE62DB050BE7} = {827E0CD3-B72D-47B6-A68D-7590B98EB39B}
		{A563AF82-7EE1-4025-BF00-DB37A3ED60D5} = {827E0CD3-B72D-47B6-A68D-7590B98EB39B}
		{28D34C8C-3431-4D87-A585-DB3602407AE6} = {827E0CD3-B72D-47B6-A68D-7590B98EB39B}
		{94F08D15-4C0D-48F1-978E-8F2B3C7E0E07} = {827E0CD3-B72D-47B6-A68D-7590B98EB39B}
		{570C14A0-1056-498E-B040-22B981424271} = {0AB3BF05-4346-4AA6-1389-037BE0695223}
	EndGlobalSection
EndGlobal
